// !$*UTF8*$!
{
	archiveVersion = 1;
	classes = {
	};
	objectVersion = 56;
	objects = {

/* Begin PBXBuildFile section */
		687B0BBE2BCD0CD000CA7C57 /* MedicineDaily.swift in Sources */ = {isa = PBXBuildFile; fileRef = 687B0BBD2BCD0CD000CA7C57 /* MedicineDaily.swift */; };
		687B0BC02BCD0F7E00CA7C57 /* View1.swift in Sources */ = {isa = PBXBuildFile; fileRef = 687B0BBF2BCD0F7E00CA7C57 /* View1.swift */; };
		687B0BC22BCD0FAC00CA7C57 /* View2.swift in Sources */ = {isa = PBXBuildFile; fileRef = 687B0BC12BCD0FAC00CA7C57 /* View2.swift */; };
		687B0BC42BCD0FB900CA7C57 /* View3.swift in Sources */ = {isa = PBXBuildFile; fileRef = 687B0BC32BCD0FB900CA7C57 /* View3.swift */; };
		68C83F752BCCF31A00E50DE0 /* Medicine.swift in Sources */ = {isa = PBXBuildFile; fileRef = 68C83F742BCCF31A00E50DE0 /* Medicine.swift */; };
		68D1419C2BC9A97F007BE22E /* NC1_DailyAppApp.swift in Sources */ = {isa = PBXBuildFile; fileRef = 68D1419B2BC9A97F007BE22E /* NC1_DailyAppApp.swift */; };
		68D141A02BC9A980007BE22E /* Assets.xcassets in Resources */ = {isa = PBXBuildFile; fileRef = 68D1419F2BC9A980007BE22E /* Assets.xcassets */; };
		68D141A32BC9A980007BE22E /* Preview Assets.xcassets in Resources */ = {isa = PBXBuildFile; fileRef = 68D141A22BC9A980007BE22E /* Preview Assets.xcassets */; };
		68D141AD2BC9A980007BE22E /* NC1_DailyAppTests.swift in Sources */ = {isa = PBXBuildFile; fileRef = 68D141AC2BC9A980007BE22E /* NC1_DailyAppTests.swift */; };
		68D141B72BC9A980007BE22E /* NC1_DailyAppUITests.swift in Sources */ = {isa = PBXBuildFile; fileRef = 68D141B62BC9A980007BE22E /* NC1_DailyAppUITests.swift */; };
		68D141B92BC9A980007BE22E /* NC1_DailyAppUITestsLaunchTests.swift in Sources */ = {isa = PBXBuildFile; fileRef = 68D141B82BC9A980007BE22E /* NC1_DailyAppUITestsLaunchTests.swift */; };
/* End PBXBuildFile section */

/* Begin PBXContainerItemProxy section */
		68D141A92BC9A980007BE22E /* PBXContainerItemProxy */ = {
			isa = PBXContainerItemProxy;
			containerPortal = 68D141902BC9A97F007BE22E /* Project object */;
			proxyType = 1;
			remoteGlobalIDString = 68D141972BC9A97F007BE22E;
			remoteInfo = NC1_DailyApp;
		};
		68D141B32BC9A980007BE22E /* PBXContainerItemProxy */ = {
			isa = PBXContainerItemProxy;
			containerPortal = 68D141902BC9A97F007BE22E /* Project object */;
			proxyType = 1;
			remoteGlobalIDString = 68D141972BC9A97F007BE22E;
			remoteInfo = NC1_DailyApp;
		};
/* End PBXContainerItemProxy section */

/* Begin PBXFileReference section */
		687B0BBD2BCD0CD000CA7C57 /* MedicineDaily.swift */ = {isa = PBXFileReference; lastKnownFileType = sourcecode.swift; path = MedicineDaily.swift; sourceTree = "<group>"; };
		687B0BBF2BCD0F7E00CA7C57 /* View1.swift */ = {isa = PBXFileReference; lastKnownFileType = sourcecode.swift; path = View1.swift; sourceTree = "<group>"; };
		687B0BC12BCD0FAC00CA7C57 /* View2.swift */ = {isa = PBXFileReference; lastKnownFileType = sourcecode.swift; path = View2.swift; sourceTree = "<group>"; };
		687B0BC32BCD0FB900CA7C57 /* View3.swift */ = {isa = PBXFileReference; lastKnownFileType = sourcecode.swift; path = View3.swift; sourceTree = "<group>"; };
		68C83F742BCCF31A00E50DE0 /* Medicine.swift */ = {isa = PBXFileReference; lastKnownFileType = sourcecode.swift; path = Medicine.swift; sourceTree = "<group>"; };
		68D141982BC9A97F007BE22E /* NC1_DailyApp.app */ = {isa = PBXFileReference; explicitFileType = wrapper.application; includeInIndex = 0; path = NC1_DailyApp.app; sourceTree = BUILT_PRODUCTS_DIR; };
		68D1419B2BC9A97F007BE22E /* NC1_DailyAppApp.swift */ = {isa = PBXFileReference; lastKnownFileType = sourcecode.swift; path = NC1_DailyAppApp.swift; sourceTree = "<group>"; };
		68D1419F2BC9A980007BE22E /* Assets.xcassets */ = {isa = PBXFileReference; lastKnownFileType = folder.assetcatalog; path = Assets.xcassets; sourceTree = "<group>"; };
		68D141A22BC9A980007BE22E /* Preview Assets.xcassets */ = {isa = PBXFileReference; lastKnownFileType = folder.assetcatalog; path = "Preview Assets.xcassets"; sourceTree = "<group>"; };
		68D141A82BC9A980007BE22E /* NC1_DailyAppTests.xctest */ = {isa = PBXFileReference; explicitFileType = wrapper.cfbundle; includeInIndex = 0; path = NC1_DailyAppTests.xctest; sourceTree = BUILT_PRODUCTS_DIR; };
		68D141AC2BC9A980007BE22E /* NC1_DailyAppTests.swift */ = {isa = PBXFileReference; lastKnownFileType = sourcecode.swift; path = NC1_DailyAppTests.swift; sourceTree = "<group>"; };
		68D141B22BC9A980007BE22E /* NC1_DailyAppUITests.xctest */ = {isa = PBXFileReference; explicitFileType = wrapper.cfbundle; includeInIndex = 0; path = NC1_DailyAppUITests.xctest; sourceTree = BUILT_PRODUCTS_DIR; };
		68D141B62BC9A980007BE22E /* NC1_DailyAppUITests.swift */ = {isa = PBXFileReference; lastKnownFileType = sourcecode.swift; path = NC1_DailyAppUITests.swift; sourceTree = "<group>"; };
		68D141B82BC9A980007BE22E /* NC1_DailyAppUITestsLaunchTests.swift */ = {isa = PBXFileReference; lastKnownFileType = sourcecode.swift; path = NC1_DailyAppUITestsLaunchTests.swift; sourceTree = "<group>"; };
/* End PBXFileReference section */

/* Begin PBXFrameworksBuildPhase section */
		68D141952BC9A97F007BE22E /* Frameworks */ = {
			isa = PBXFrameworksBuildPhase;
			buildActionMask = 2147483647;
			files = (
			);
			runOnlyForDeploymentPostprocessing = 0;
		};
		68D141A52BC9A980007BE22E /* Frameworks */ = {
			isa = PBXFrameworksBuildPhase;
			buildActionMask = 2147483647;
			files = (
			);
			runOnlyForDeploymentPostprocessing = 0;
		};
		68D141AF2BC9A980007BE22E /* Frameworks */ = {
			isa = PBXFrameworksBuildPhase;
			buildActionMask = 2147483647;
			files = (
			);
			runOnlyForDeploymentPostprocessing = 0;
		};
/* End PBXFrameworksBuildPhase section */

/* Begin PBXGroup section */
		68D1418F2BC9A97F007BE22E = {
			isa = PBXGroup;
			children = (
				68D1419A2BC9A97F007BE22E /* NC1_DailyApp */,
				68D141AB2BC9A980007BE22E /* NC1_DailyAppTests */,
				68D141B52BC9A980007BE22E /* NC1_DailyAppUITests */,
				68D141992BC9A97F007BE22E /* Products */,
			);
			sourceTree = "<group>";
		};
		68D141992BC9A97F007BE22E /* Products */ = {
			isa = PBXGroup;
			children = (
				68D141982BC9A97F007BE22E /* NC1_DailyApp.app */,
				68D141A82BC9A980007BE22E /* NC1_DailyAppTests.xctest */,
				68D141B22BC9A980007BE22E /* NC1_DailyAppUITests.xctest */,
			);
			name = Products;
			sourceTree = "<group>";
		};
		68D1419A2BC9A97F007BE22E /* NC1_DailyApp */ = {
			isa = PBXGroup;
			children = (
				68D141C72BCAA03A007BE22E /* ModelView */,
				68D141C62BCAA036007BE22E /* Model */,
				68D141C52BCAA030007BE22E /* View */,
				68D1419B2BC9A97F007BE22E /* NC1_DailyAppApp.swift */,
				68D1419F2BC9A980007BE22E /* Assets.xcassets */,
				68D141A12BC9A980007BE22E /* Preview Content */,
			);
			path = NC1_DailyApp;
			sourceTree = "<group>";
		};
		68D141A12BC9A980007BE22E /* Preview Content */ = {
			isa = PBXGroup;
			children = (
				68D141A22BC9A980007BE22E /* Preview Assets.xcassets */,
			);
			path = "Preview Content";
			sourceTree = "<group>";
		};
		68D141AB2BC9A980007BE22E /* NC1_DailyAppTests */ = {
			isa = PBXGroup;
			children = (
				68D141AC2BC9A980007BE22E /* NC1_DailyAppTests.swift */,
			);
			path = NC1_DailyAppTests;
			sourceTree = "<group>";
		};
		68D141B52BC9A980007BE22E /* NC1_DailyAppUITests */ = {
			isa = PBXGroup;
			children = (
				68D141B62BC9A980007BE22E /* NC1_DailyAppUITests.swift */,
				68D141B82BC9A980007BE22E /* NC1_DailyAppUITestsLaunchTests.swift */,
			);
			path = NC1_DailyAppUITests;
			sourceTree = "<group>";
		};
		68D141C52BCAA030007BE22E /* View */ = {
			isa = PBXGroup;
			children = (
				687B0BBD2BCD0CD000CA7C57 /* MedicineDaily.swift */,
				687B0BBF2BCD0F7E00CA7C57 /* View1.swift */,
				687B0BC12BCD0FAC00CA7C57 /* View2.swift */,
				687B0BC32BCD0FB900CA7C57 /* View3.swift */,
			);
			path = View;
			sourceTree = "<group>";
		};
		68D141C62BCAA036007BE22E /* Model */ = {
			isa = PBXGroup;
			children = (
				68C83F742BCCF31A00E50DE0 /* Medicine.swift */,
			);
			path = Model;
			sourceTree = "<group>";
		};
		68D141C72BCAA03A007BE22E /* ModelView */ = {
			isa = PBXGroup;
			children = (
			);
			path = ModelView;
			sourceTree = "<group>";
		};
/* End PBXGroup section */

/* Begin PBXNativeTarget section */
		68D141972BC9A97F007BE22E /* NC1_DailyApp */ = {
			isa = PBXNativeTarget;
			buildConfigurationList = 68D141BC2BC9A980007BE22E /* Build configuration list for PBXNativeTarget "NC1_DailyApp" */;
			buildPhases = (
				68D141942BC9A97F007BE22E /* Sources */,
				68D141952BC9A97F007BE22E /* Frameworks */,
				68D141962BC9A97F007BE22E /* Resources */,
			);
			buildRules = (
			);
			dependencies = (
			);
			name = NC1_DailyApp;
			productName = NC1_DailyApp;
			productReference = 68D141982BC9A97F007BE22E /* NC1_DailyApp.app */;
			productType = "com.apple.product-type.application";
		};
		68D141A72BC9A980007BE22E /* NC1_DailyAppTests */ = {
			isa = PBXNativeTarget;
			buildConfigurationList = 68D141BF2BC9A980007BE22E /* Build configuration list for PBXNativeTarget "NC1_DailyAppTests" */;
			buildPhases = (
				68D141A42BC9A980007BE22E /* Sources */,
				68D141A52BC9A980007BE22E /* Frameworks */,
				68D141A62BC9A980007BE22E /* Resources */,
			);
			buildRules = (
			);
			dependencies = (
				68D141AA2BC9A980007BE22E /* PBXTargetDependency */,
			);
			name = NC1_DailyAppTests;
			productName = NC1_DailyAppTests;
			productReference = 68D141A82BC9A980007BE22E /* NC1_DailyAppTests.xctest */;
			productType = "com.apple.product-type.bundle.unit-test";
		};
		68D141B12BC9A980007BE22E /* NC1_DailyAppUITests */ = {
			isa = PBXNativeTarget;
			buildConfigurationList = 68D141C22BC9A980007BE22E /* Build configuration list for PBXNativeTarget "NC1_DailyAppUITests" */;
			buildPhases = (
				68D141AE2BC9A980007BE22E /* Sources */,
				68D141AF2BC9A980007BE22E /* Frameworks */,
				68D141B02BC9A980007BE22E /* Resources */,
			);
			buildRules = (
			);
			dependencies = (
				68D141B42BC9A980007BE22E /* PBXTargetDependency */,
			);
			name = NC1_DailyAppUITests;
			productName = NC1_DailyAppUITests;
			productReference = 68D141B22BC9A980007BE22E /* NC1_DailyAppUITests.xctest */;
			productType = "com.apple.product-type.bundle.ui-testing";
		};
/* End PBXNativeTarget section */

/* Begin PBXProject section */
		68D141902BC9A97F007BE22E /* Project object */ = {
			isa = PBXProject;
			attributes = {
				BuildIndependentTargetsInParallel = 1;
				LastSwiftUpdateCheck = 1530;
				LastUpgradeCheck = 1530;
				TargetAttributes = {
					68D141972BC9A97F007BE22E = {
						CreatedOnToolsVersion = 15.3;
					};
					68D141A72BC9A980007BE22E = {
						CreatedOnToolsVersion = 15.3;
						TestTargetID = 68D141972BC9A97F007BE22E;
					};
					68D141B12BC9A980007BE22E = {
						CreatedOnToolsVersion = 15.3;
						TestTargetID = 68D141972BC9A97F007BE22E;
					};
				};
			};
			buildConfigurationList = 68D141932BC9A97F007BE22E /* Build configuration list for PBXProject "NC1_DailyApp" */;
			compatibilityVersion = "Xcode 14.0";
			developmentRegion = en;
			hasScannedForEncodings = 0;
			knownRegions = (
				en,
				Base,
			);
			mainGroup = 68D1418F2BC9A97F007BE22E;
			productRefGroup = 68D141992BC9A97F007BE22E /* Products */;
			projectDirPath = "";
			projectRoot = "";
			targets = (
				68D141972BC9A97F007BE22E /* NC1_DailyApp */,
				68D141A72BC9A980007BE22E /* NC1_DailyAppTests */,
				68D141B12BC9A980007BE22E /* NC1_DailyAppUITests */,
			);
		};
/* End PBXProject section */

/* Begin PBXResourcesBuildPhase section */
		68D141962BC9A97F007BE22E /* Resources */ = {
			isa = PBXResourcesBuildPhase;
			buildActionMask = 2147483647;
			files = (
				68D141A32BC9A980007BE22E /* Preview Assets.xcassets in Resources */,
				68D141A02BC9A980007BE22E /* Assets.xcassets in Resources */,
			);
			runOnlyForDeploymentPostprocessing = 0;
		};
		68D141A62BC9A980007BE22E /* Resources */ = {
			isa = PBXResourcesBuildPhase;
			buildActionMask = 2147483647;
			files = (
			);
			runOnlyForDeploymentPostprocessing = 0;
		};
		68D141B02BC9A980007BE22E /* Resources */ = {
			isa = PBXResourcesBuildPhase;
			buildActionMask = 2147483647;
			files = (
			);
			runOnlyForDeploymentPostprocessing = 0;
		};
/* End PBXResourcesBuildPhase section */

/* Begin PBXSourcesBuildPhase section */
		68D141942BC9A97F007BE22E /* Sources */ = {
			isa = PBXSourcesBuildPhase;
			buildActionMask = 2147483647;
			files = (
				687B0BC22BCD0FAC00CA7C57 /* View2.swift in Sources */,
				68D1419C2BC9A97F007BE22E /* NC1_DailyAppApp.swift in Sources */,
				68C83F752BCCF31A00E50DE0 /* Medicine.swift in Sources */,
				687B0BC02BCD0F7E00CA7C57 /* View1.swift in Sources */,
				687B0BC42BCD0FB900CA7C57 /* View3.swift in Sources */,
				687B0BBE2BCD0CD000CA7C57 /* MedicineDaily.swift in Sources */,
			);
			runOnlyForDeploymentPostprocessing = 0;
		};
		68D141A42BC9A980007BE22E /* Sources */ = {
			isa = PBXSourcesBuildPhase;
			buildActionMask = 2147483647;
			files = (
				68D141AD2BC9A980007BE22E /* NC1_DailyAppTests.swift in Sources */,
			);
			runOnlyForDeploymentPostprocessing = 0;
		};
		68D141AE2BC9A980007BE22E /* Sources */ = {
			isa = PBXSourcesBuildPhase;
			buildActionMask = 2147483647;
			files = (
				68D141B72BC9A980007BE22E /* NC1_DailyAppUITests.swift in Sources */,
				68D141B92BC9A980007BE22E /* NC1_DailyAppUITestsLaunchTests.swift in Sources */,
			);
			runOnlyForDeploymentPostprocessing = 0;
		};
/* End PBXSourcesBuildPhase section */

/* Begin PBXTargetDependency section */
		68D141AA2BC9A980007BE22E /* PBXTargetDependency */ = {
			isa = PBXTargetDependency;
			target = 68D141972BC9A97F007BE22E /* NC1_DailyApp */;
			targetProxy = 68D141A92BC9A980007BE22E /* PBXContainerItemProxy */;
		};
		68D141B42BC9A980007BE22E /* PBXTargetDependency */ = {
			isa = PBXTargetDependency;
			target = 68D141972BC9A97F007BE22E /* NC1_DailyApp */;
			targetProxy = 68D141B32BC9A980007BE22E /* PBXContainerItemProxy */;
		};
/* End PBXTargetDependency section */

/* Begin XCBuildConfiguration section */
		68D141BA2BC9A980007BE22E /* Debug */ = {
			isa = XCBuildConfiguration;
			buildSettings = {
				ALWAYS_SEARCH_USER_PATHS = NO;
				ASSETCATALOG_COMPILER_GENERATE_SWIFT_ASSET_SYMBOL_EXTENSIONS = YES;
				CLANG_ANALYZER_NONNULL = YES;
				CLANG_ANALYZER_NUMBER_OBJECT_CONVERSION = YES_AGGRESSIVE;
				CLANG_CXX_LANGUAGE_STANDARD = "gnu++20";
				CLANG_ENABLE_MODULES = YES;
				CLANG_ENABLE_OBJC_ARC = YES;
				CLANG_ENABLE_OBJC_WEAK = YES;
				CLANG_WARN_BLOCK_CAPTURE_AUTORELEASING = YES;
				CLANG_WARN_BOOL_CONVERSION = YES;
				CLANG_WARN_COMMA = YES;
				CLANG_WARN_CONSTANT_CONVERSION = YES;
				CLANG_WARN_DEPRECATED_OBJC_IMPLEMENTATIONS = YES;
				CLANG_WARN_DIRECT_OBJC_ISA_USAGE = YES_ERROR;
				CLANG_WARN_DOCUMENTATION_COMMENTS = YES;
				CLANG_WARN_EMPTY_BODY = YES;
				CLANG_WARN_ENUM_CONVERSION = YES;
				CLANG_WARN_INFINITE_RECURSION = YES;
				CLANG_WARN_INT_CONVERSION = YES;
				CLANG_WARN_NON_LITERAL_NULL_CONVERSION = YES;
				CLANG_WARN_OBJC_IMPLICIT_RETAIN_SELF = YES;
				CLANG_WARN_OBJC_LITERAL_CONVERSION = YES;
				CLANG_WARN_OBJC_ROOT_CLASS = YES_ERROR;
				CLANG_WARN_QUOTED_INCLUDE_IN_FRAMEWORK_HEADER = YES;
				CLANG_WARN_RANGE_LOOP_ANALYSIS = YES;
				CLANG_WARN_STRICT_PROTOTYPES = YES;
				CLANG_WARN_SUSPICIOUS_MOVE = YES;
				CLANG_WARN_UNGUARDED_AVAILABILITY = YES_AGGRESSIVE;
				CLANG_WARN_UNREACHABLE_CODE = YES;
				CLANG_WARN__DUPLICATE_METHOD_MATCH = YES;
				COPY_PHASE_STRIP = NO;
				DEBUG_INFORMATION_FORMAT = dwarf;
				ENABLE_STRICT_OBJC_MSGSEND = YES;
				ENABLE_TESTABILITY = YES;
				ENABLE_USER_SCRIPT_SANDBOXING = YES;
				GCC_C_LANGUAGE_STANDARD = gnu17;
				GCC_DYNAMIC_NO_PIC = NO;
				GCC_NO_COMMON_BLOCKS = YES;
				GCC_OPTIMIZATION_LEVEL = 0;
				GCC_PREPROCESSOR_DEFINITIONS = (
					"DEBUG=1",
					"$(inherited)",
				);
				GCC_WARN_64_TO_32_BIT_CONVERSION = YES;
				GCC_WARN_ABOUT_RETURN_TYPE = YES_ERROR;
				GCC_WARN_UNDECLARED_SELECTOR = YES;
				GCC_WARN_UNINITIALIZED_AUTOS = YES_AGGRESSIVE;
				GCC_WARN_UNUSED_FUNCTION = YES;
				GCC_WARN_UNUSED_VARIABLE = YES;
				IPHONEOS_DEPLOYMENT_TARGET = 17.4;
				LOCALIZATION_PREFERS_STRING_CATALOGS = YES;
				MTL_ENABLE_DEBUG_INFO = INCLUDE_SOURCE;
				MTL_FAST_MATH = YES;
				ONLY_ACTIVE_ARCH = YES;
				SDKROOT = iphoneos;
				SWIFT_ACTIVE_COMPILATION_CONDITIONS = "DEBUG $(inherited)";
				SWIFT_OPTIMIZATION_LEVEL = "-Onone";
			};
			name = Debug;
		};
		68D141BB2BC9A980007BE22E /* Release */ = {
			isa = XCBuildConfiguration;
			buildSettings = {
				ALWAYS_SEARCH_USER_PATHS = NO;
				ASSETCATALOG_COMPILER_GENERATE_SWIFT_ASSET_SYMBOL_EXTENSIONS = YES;
				CLANG_ANALYZER_NONNULL = YES;
				CLANG_ANALYZER_NUMBER_OBJECT_CONVERSION = YES_AGGRESSIVE;
				CLANG_CXX_LANGUAGE_STANDARD = "gnu++20";
				CLANG_ENABLE_MODULES = YES;
				CLANG_ENABLE_OBJC_ARC = YES;
				CLANG_ENABLE_OBJC_WEAK = YES;
				CLANG_WARN_BLOCK_CAPTURE_AUTORELEASING = YES;
				CLANG_WARN_BOOL_CONVERSION = YES;
				CLANG_WARN_COMMA = YES;
				CLANG_WARN_CONSTANT_CONVERSION = YES;
				CLANG_WARN_DEPRECATED_OBJC_IMPLEMENTATIONS = YES;
				CLANG_WARN_DIRECT_OBJC_ISA_USAGE = YES_ERROR;
				CLANG_WARN_DOCUMENTATION_COMMENTS = YES;
				CLANG_WARN_EMPTY_BODY = YES;
				CLANG_WARN_ENUM_CONVERSION = YES;
				CLANG_WARN_INFINITE_RECURSION = YES;
				CLANG_WARN_INT_CONVERSION = YES;
				CLANG_WARN_NON_LITERAL_NULL_CONVERSION = YES;
				CLANG_WARN_OBJC_IMPLICIT_RETAIN_SELF = YES;
				CLANG_WARN_OBJC_LITERAL_CONVERSION = YES;
				CLANG_WARN_OBJC_ROOT_CLASS = YES_ERROR;
				CLANG_WARN_QUOTED_INCLUDE_IN_FRAMEWORK_HEADER = YES;
				CLANG_WARN_RANGE_LOOP_ANALYSIS = YES;
				CLANG_WARN_STRICT_PROTOTYPES = YES;
				CLANG_WARN_SUSPICIOUS_MOVE = YES;
				CLANG_WARN_UNGUARDED_AVAILABILITY = YES_AGGRESSIVE;
				CLANG_WARN_UNREACHABLE_CODE = YES;
				CLANG_WARN__DUPLICATE_METHOD_MATCH = YES;
				COPY_PHASE_STRIP = NO;
				DEBUG_INFORMATION_FORMAT = "dwarf-with-dsym";
				ENABLE_NS_ASSERTIONS = NO;
				ENABLE_STRICT_OBJC_MSGSEND = YES;
				ENABLE_USER_SCRIPT_SANDBOXING = YES;
				GCC_C_LANGUAGE_STANDARD = gnu17;
				GCC_NO_COMMON_BLOCKS = YES;
				GCC_WARN_64_TO_32_BIT_CONVERSION = YES;
				GCC_WARN_ABOUT_RETURN_TYPE = YES_ERROR;
				GCC_WARN_UNDECLARED_SELECTOR = YES;
				GCC_WARN_UNINITIALIZED_AUTOS = YES_AGGRESSIVE;
				GCC_WARN_UNUSED_FUNCTION = YES;
				GCC_WARN_UNUSED_VARIABLE = YES;
				IPHONEOS_DEPLOYMENT_TARGET = 17.4;
				LOCALIZATION_PREFERS_STRING_CATALOGS = YES;
				MTL_ENABLE_DEBUG_INFO = NO;
				MTL_FAST_MATH = YES;
				SDKROOT = iphoneos;
				SWIFT_COMPILATION_MODE = wholemodule;
				VALIDATE_PRODUCT = YES;
			};
			name = Release;
		};
		68D141BD2BC9A980007BE22E /* Debug */ = {
			isa = XCBuildConfiguration;
			buildSettings = {
				ASSETCATALOG_COMPILER_APPICON_NAME = AppIcon;
				ASSETCATALOG_COMPILER_GLOBAL_ACCENT_COLOR_NAME = AccentColor;
				CODE_SIGN_STYLE = Automatic;
				CURRENT_PROJECT_VERSION = 1;
				DEVELOPMENT_ASSET_PATHS = "\"NC1_DailyApp/Preview Content\"";
				ENABLE_PREVIEWS = YES;
				GENERATE_INFOPLIST_FILE = YES;
				INFOPLIST_KEY_UIApplicationSceneManifest_Generation = YES;
				INFOPLIST_KEY_UIApplicationSupportsIndirectInputEvents = YES;
				INFOPLIST_KEY_UILaunchScreen_Generation = YES;
				INFOPLIST_KEY_UISupportedInterfaceOrientations_iPad = "UIInterfaceOrientationPortrait UIInterfaceOrientationPortraitUpsideDown UIInterfaceOrientationLandscapeLeft UIInterfaceOrientationLandscapeRight";
				INFOPLIST_KEY_UISupportedInterfaceOrientations_iPhone = "UIInterfaceOrientationPortrait UIInterfaceOrientationLandscapeLeft UIInterfaceOrientationLandscapeRight";
				LD_RUNPATH_SEARCH_PATHS = (
					"$(inherited)",
					"@executable_path/Frameworks",
				);
				MARKETING_VERSION = 1.0;
				PRODUCT_BUNDLE_IDENTIFIER = "pos.idserve.net.NC1-DailyApp";
				PRODUCT_NAME = "$(TARGET_NAME)";
				SWIFT_EMIT_LOC_STRINGS = YES;
				SWIFT_VERSION = 5.0;
				TARGETED_DEVICE_FAMILY = "1,2";
			};
			name = Debug;
		};
		68D141BE2BC9A980007BE22E /* Release */ = {
			isa = XCBuildConfiguration;
			buildSettings = {
				ASSETCATALOG_COMPILER_APPICON_NAME = AppIcon;
				ASSETCATALOG_COMPILER_GLOBAL_ACCENT_COLOR_NAME = AccentColor;
				CODE_SIGN_STYLE = Automatic;
				CURRENT_PROJECT_VERSION = 1;
				DEVELOPMENT_ASSET_PATHS = "\"NC1_DailyApp/Preview Content\"";
				ENABLE_PREVIEWS = YES;
				GENERATE_INFOPLIST_FILE = YES;
				INFOPLIST_KEY_UIApplicationSceneManifest_Generation = YES;
				INFOPLIST_KEY_UIApplicationSupportsIndirectInputEvents = YES;
				INFOPLIST_KEY_UILaunchScreen_Generation = YES;
				INFOPLIST_KEY_UISupportedInterfaceOrientations_iPad = "UIInterfaceOrientationPortrait UIInterfaceOrientationPortraitUpsideDown UIInterfaceOrientationLandscapeLeft UIInterfaceOrientationLandscapeRight";
				INFOPLIST_KEY_UISupportedInterfaceOrientations_iPhone = "UIInterfaceOrientationPortrait UIInterfaceOrientationLandscapeLeft UIInterfaceOrientationLandscapeRight";
				LD_RUNPATH_SEARCH_PATHS = (
					"$(inherited)",
					"@executable_path/Frameworks",
				);
				MARKETING_VERSION = 1.0;
				PRODUCT_BUNDLE_IDENTIFIER = "pos.idserve.net.NC1-DailyApp";
				PRODUCT_NAME = "$(TARGET_NAME)";
				SWIFT_EMIT_LOC_STRINGS = YES;
				SWIFT_VERSION = 5.0;
				TARGETED_DEVICE_FAMILY = "1,2";
			};
			name = Release;
		};
		68D141C02BC9A980007BE22E /* Debug */ = {
			isa = XCBuildConfiguration;
			buildSettings = {
				ALWAYS_EMBED_SWIFT_STANDARD_LIBRARIES = YES;
				BUNDLE_LOADER = "$(TEST_HOST)";
				CODE_SIGN_STYLE = Automatic;
				CURRENT_PROJECT_VERSION = 1;
				GENERATE_INFOPLIST_FILE = YES;
				IPHONEOS_DEPLOYMENT_TARGET = 17.4;
				MARKETING_VERSION = 1.0;
				PRODUCT_BUNDLE_IDENTIFIER = "pos.idserve.net.NC1-DailyAppTests";
				PRODUCT_NAME = "$(TARGET_NAME)";
				SWIFT_EMIT_LOC_STRINGS = NO;
				SWIFT_VERSION = 5.0;
				TARGETED_DEVICE_FAMILY = "1,2";
				TEST_HOST = "$(BUILT_PRODUCTS_DIR)/NC1_DailyApp.app/$(BUNDLE_EXECUTABLE_FOLDER_PATH)/NC1_DailyApp";
			};
			name = Debug;
		};
		68D141C12BC9A980007BE22E /* Release */ = {
			isa = XCBuildConfiguration;
			buildSettings = {
				ALWAYS_EMBED_SWIFT_STANDARD_LIBRARIES = YES;
				BUNDLE_LOADER = "$(TEST_HOST)";
				CODE_SIGN_STYLE = Automatic;
				CURRENT_PROJECT_VERSION = 1;
				GENERATE_INFOPLIST_FILE = YES;
				IPHONEOS_DEPLOYMENT_TARGET = 17.4;
				MARKETING_VERSION = 1.0;
				PRODUCT_BUNDLE_IDENTIFIER = "pos.idserve.net.NC1-DailyAppTests";
				PRODUCT_NAME = "$(TARGET_NAME)";
				SWIFT_EMIT_LOC_STRINGS = NO;
				SWIFT_VERSION = 5.0;
				TARGETED_DEVICE_FAMILY = "1,2";
				TEST_HOST = "$(BUILT_PRODUCTS_DIR)/NC1_DailyApp.app/$(BUNDLE_EXECUTABLE_FOLDER_PATH)/NC1_DailyApp";
			};
			name = Release;
		};
		68D141C32BC9A980007BE22E /* Debug */ = {
			isa = XCBuildConfiguration;
			buildSettings = {
				ALWAYS_EMBED_SWIFT_STANDARD_LIBRARIES = YES;
				CODE_SIGN_STYLE = Automatic;
				CURRENT_PROJECT_VERSION = 1;
				GENERATE_INFOPLIST_FILE = YES;
				MARKETING_VERSION = 1.0;
				PRODUCT_BUNDLE_IDENTIFIER = "pos.idserve.net.NC1-DailyAppUITests";
				PRODUCT_NAME = "$(TARGET_NAME)";
				SWIFT_EMIT_LOC_STRINGS = NO;
				SWIFT_VERSION = 5.0;
				TARGETED_DEVICE_FAMILY = "1,2";
				TEST_TARGET_NAME = NC1_DailyApp;
			};
			name = Debug;
		};
		68D141C42BC9A980007BE22E /* Release */ = {
			isa = XCBuildConfiguration;
			buildSettings = {
				ALWAYS_EMBED_SWIFT_STANDARD_LIBRARIES = YES;
				CODE_SIGN_STYLE = Automatic;
				CURRENT_PROJECT_VERSION = 1;
				GENERATE_INFOPLIST_FILE = YES;
				MARKETING_VERSION = 1.0;
				PRODUCT_BUNDLE_IDENTIFIER = "pos.idserve.net.NC1-DailyAppUITests";
				PRODUCT_NAME = "$(TARGET_NAME)";
				SWIFT_EMIT_LOC_STRINGS = NO;
				SWIFT_VERSION = 5.0;
				TARGETED_DEVICE_FAMILY = "1,2";
				TEST_TARGET_NAME = NC1_DailyApp;
			};
			name = Release;
		};
/* End XCBuildConfiguration section */

/* Begin XCConfigurationList section */
		68D141932BC9A97F007BE22E /* Build configuration list for PBXProject "NC1_DailyApp" */ = {
			isa = XCConfigurationList;
			buildConfigurations = (
				68D141BA2BC9A980007BE22E /* Debug */,
				68D141BB2BC9A980007BE22E /* Release */,
			);
			defaultConfigurationIsVisible = 0;
			defaultConfigurationName = Release;
		};
		68D141BC2BC9A980007BE22E /* Build configuration list for PBXNativeTarget "NC1_DailyApp" */ = {
			isa = XCConfigurationList;
			buildConfigurations = (
				68D141BD2BC9A980007BE22E /* Debug */,
				68D141BE2BC9A980007BE22E /* Release */,
			);
			defaultConfigurationIsVisible = 0;
			defaultConfigurationName = Release;
		};
		68D141BF2BC9A980007BE22E /* Build configuration list for PBXNativeTarget "NC1_DailyAppTests" */ = {
			isa = XCConfigurationList;
			buildConfigurations = (
				68D141C02BC9A980007BE22E /* Debug */,
				68D141C12BC9A980007BE22E /* Release */,
			);
			defaultConfigurationIsVisible = 0;
			defaultConfigurationName = Release;
		};
		68D141C22BC9A980007BE22E /* Build configuration list for PBXNativeTarget "NC1_DailyAppUITests" */ = {
			isa = XCConfigurationList;
			buildConfigurations = (
				68D141C32BC9A980007BE22E /* Debug */,
				68D141C42BC9A980007BE22E /* Release */,
			);
			defaultConfigurationIsVisible = 0;
			defaultConfigurationName = Release;
		};
/* End XCConfigurationList section */
	};
	rootObject = 68D141902BC9A97F007BE22E /* Project object */;
}
