// !$*UTF8*$!
{
	archiveVersion = 1;
	classes = {
	};
	objectVersion = 56;
	objects = {

/* Begin PBXBuildFile section */
		68FAC9402C198AED001E7DA5 /* SceneKitTests.swift in Sources */ = {isa = PBXBuildFile; fileRef = 68FAC93F2C198AED001E7DA5 /* SceneKitTests.swift */; };
		68FAC94A2C198AED001E7DA5 /* SceneKitUITests.swift in Sources */ = {isa = PBXBuildFile; fileRef = 68FAC9492C198AED001E7DA5 /* SceneKitUITests.swift */; };
		68FAC94C2C198AED001E7DA5 /* SceneKitUITestsLaunchTests.swift in Sources */ = {isa = PBXBuildFile; fileRef = 68FAC94B2C198AED001E7DA5 /* SceneKitUITestsLaunchTests.swift */; };
		68FAC9642C1AD4B3001E7DA5 /* AppDelegate.swift in Sources */ = {isa = PBXBuildFile; fileRef = 68FAC95C2C1AD4B3001E7DA5 /* AppDelegate.swift */; };
		68FAC9652C1AD4B3001E7DA5 /* Assets.xcassets in Resources */ = {isa = PBXBuildFile; fileRef = 68FAC95D2C1AD4B3001E7DA5 /* Assets.xcassets */; };
		68FAC9662C1AD4B3001E7DA5 /* Main.storyboard in Resources */ = {isa = PBXBuildFile; fileRef = 68FAC95F2C1AD4B3001E7DA5 /* Main.storyboard */; };
		68FAC9672C1AD4B3001E7DA5 /* Scientist.swift in Sources */ = {isa = PBXBuildFile; fileRef = 68FAC9602C1AD4B3001E7DA5 /* Scientist.swift */; };
		68FAC9682C1AD4B3001E7DA5 /* scientists.json in Resources */ = {isa = PBXBuildFile; fileRef = 68FAC9612C1AD4B3001E7DA5 /* scientists.json */; };
		68FAC9692C1AD4B3001E7DA5 /* ViewController.swift in Sources */ = {isa = PBXBuildFile; fileRef = 68FAC9622C1AD4B3001E7DA5 /* ViewController.swift */; };
/* End PBXBuildFile section */

/* Begin PBXContainerItemProxy section */
		68FAC93C2C198AED001E7DA5 /* PBXContainerItemProxy */ = {
			isa = PBXContainerItemProxy;
			containerPortal = 68FAC9212C198AEB001E7DA5 /* Project object */;
			proxyType = 1;
			remoteGlobalIDString = 68FAC9282C198AEB001E7DA5;
			remoteInfo = SceneKit;
		};
		68FAC9462C198AED001E7DA5 /* PBXContainerItemProxy */ = {
			isa = PBXContainerItemProxy;
			containerPortal = 68FAC9212C198AEB001E7DA5 /* Project object */;
			proxyType = 1;
			remoteGlobalIDString = 68FAC9282C198AEB001E7DA5;
			remoteInfo = SceneKit;
		};
/* End PBXContainerItemProxy section */

/* Begin PBXFileReference section */
		68FAC9292C198AEB001E7DA5 /* SceneKitTest.app */ = {isa = PBXFileReference; explicitFileType = wrapper.application; includeInIndex = 0; path = SceneKitTest.app; sourceTree = BUILT_PRODUCTS_DIR; };
		68FAC93B2C198AED001E7DA5 /* SceneKitTestTests.xctest */ = {isa = PBXFileReference; explicitFileType = wrapper.cfbundle; includeInIndex = 0; path = SceneKitTestTests.xctest; sourceTree = BUILT_PRODUCTS_DIR; };
		68FAC93F2C198AED001E7DA5 /* SceneKitTests.swift */ = {isa = PBXFileReference; lastKnownFileType = sourcecode.swift; path = SceneKitTests.swift; sourceTree = "<group>"; };
		68FAC9452C198AED001E7DA5 /* SceneKitTestUITests.xctest */ = {isa = PBXFileReference; explicitFileType = wrapper.cfbundle; includeInIndex = 0; path = SceneKitTestUITests.xctest; sourceTree = BUILT_PRODUCTS_DIR; };
		68FAC9492C198AED001E7DA5 /* SceneKitUITests.swift */ = {isa = PBXFileReference; lastKnownFileType = sourcecode.swift; path = SceneKitUITests.swift; sourceTree = "<group>"; };
		68FAC94B2C198AED001E7DA5 /* SceneKitUITestsLaunchTests.swift */ = {isa = PBXFileReference; lastKnownFileType = sourcecode.swift; path = SceneKitUITestsLaunchTests.swift; sourceTree = "<group>"; };
		68FAC95C2C1AD4B3001E7DA5 /* AppDelegate.swift */ = {isa = PBXFileReference; fileEncoding = 4; lastKnownFileType = sourcecode.swift; path = AppDelegate.swift; sourceTree = "<group>"; };
		68FAC95D2C1AD4B3001E7DA5 /* Assets.xcassets */ = {isa = PBXFileReference; lastKnownFileType = folder.assetcatalog; path = Assets.xcassets; sourceTree = "<group>"; };
		68FAC95E2C1AD4B3001E7DA5 /* Base */ = {isa = PBXFileReference; lastKnownFileType = file.storyboard; name = Base; path = Base.lproj/Main.storyboard; sourceTree = "<group>"; };
		68FAC9602C1AD4B3001E7DA5 /* Scientist.swift */ = {isa = PBXFileReference; fileEncoding = 4; lastKnownFileType = sourcecode.swift; path = Scientist.swift; sourceTree = "<group>"; };
		68FAC9612C1AD4B3001E7DA5 /* scientists.json */ = {isa = PBXFileReference; fileEncoding = 4; lastKnownFileType = text.json; path = scientists.json; sourceTree = "<group>"; };
		68FAC9622C1AD4B3001E7DA5 /* ViewController.swift */ = {isa = PBXFileReference; fileEncoding = 4; lastKnownFileType = sourcecode.swift; path = ViewController.swift; sourceTree = "<group>"; };
/* End PBXFileReference section */

/* Begin PBXFrameworksBuildPhase section */
		68FAC9262C198AEB001E7DA5 /* Frameworks */ = {
			isa = PBXFrameworksBuildPhase;
			buildActionMask = 2147483647;
			files = (
			);
			runOnlyForDeploymentPostprocessing = 0;
		};
		68FAC9382C198AED001E7DA5 /* Frameworks */ = {
			isa = PBXFrameworksBuildPhase;
			buildActionMask = 2147483647;
			files = (
			);
			runOnlyForDeploymentPostprocessing = 0;
		};
		68FAC9422C198AED001E7DA5 /* Frameworks */ = {
			isa = PBXFrameworksBuildPhase;
			buildActionMask = 2147483647;
			files = (
			);
			runOnlyForDeploymentPostprocessing = 0;
		};
/* End PBXFrameworksBuildPhase section */

/* Begin PBXGroup section */
		68FAC9202C198AEB001E7DA5 = {
			isa = PBXGroup;
			children = (
				68FAC9632C1AD4B3001E7DA5 /* SceneKitTest */,
				68FAC93E2C198AED001E7DA5 /* SceneKitTests */,
				68FAC9482C198AED001E7DA5 /* SceneKitUITests */,
				68FAC92A2C198AEB001E7DA5 /* Products */,
			);
			sourceTree = "<group>";
		};
		68FAC92A2C198AEB001E7DA5 /* Products */ = {
			isa = PBXGroup;
			children = (
				68FAC9292C198AEB001E7DA5 /* SceneKitTest.app */,
				68FAC93B2C198AED001E7DA5 /* SceneKitTestTests.xctest */,
				68FAC9452C198AED001E7DA5 /* SceneKitTestUITests.xctest */,
			);
			name = Products;
			sourceTree = "<group>";
		};
		68FAC93E2C198AED001E7DA5 /* SceneKitTests */ = {
			isa = PBXGroup;
			children = (
				68FAC93F2C198AED001E7DA5 /* SceneKitTests.swift */,
			);
			path = SceneKitTests;
			sourceTree = "<group>";
		};
		68FAC9482C198AED001E7DA5 /* SceneKitUITests */ = {
			isa = PBXGroup;
			children = (
				68FAC9492C198AED001E7DA5 /* SceneKitUITests.swift */,
				68FAC94B2C198AED001E7DA5 /* SceneKitUITestsLaunchTests.swift */,
			);
			path = SceneKitUITests;
			sourceTree = "<group>";
		};
		68FAC9632C1AD4B3001E7DA5 /* SceneKitTest */ = {
			isa = PBXGroup;
			children = (
				68FAC95C2C1AD4B3001E7DA5 /* AppDelegate.swift */,
				68FAC95D2C1AD4B3001E7DA5 /* Assets.xcassets */,
				68FAC95F2C1AD4B3001E7DA5 /* Main.storyboard */,
				68FAC9602C1AD4B3001E7DA5 /* Scientist.swift */,
				68FAC9612C1AD4B3001E7DA5 /* scientists.json */,
				68FAC9622C1AD4B3001E7DA5 /* ViewController.swift */,
			);
			path = SceneKitTest;
			sourceTree = "<group>";
		};
/* End PBXGroup section */

/* Begin PBXNativeTarget section */
		68FAC9282C198AEB001E7DA5 /* SceneKitTest */ = {
			isa = PBXNativeTarget;
			buildConfigurationList = 68FAC94F2C198AED001E7DA5 /* Build configuration list for PBXNativeTarget "SceneKitTest" */;
			buildPhases = (
				68FAC9252C198AEB001E7DA5 /* Sources */,
				68FAC9262C198AEB001E7DA5 /* Frameworks */,
				68FAC9272C198AEB001E7DA5 /* Resources */,
			);
			buildRules = (
			);
			dependencies = (
			);
			name = SceneKitTest;
			productName = SceneKit;
			productReference = 68FAC9292C198AEB001E7DA5 /* SceneKitTest.app */;
			productType = "com.apple.product-type.application";
		};
		68FAC93A2C198AED001E7DA5 /* SceneKitTestTests */ = {
			isa = PBXNativeTarget;
			buildConfigurationList = 68FAC9522C198AED001E7DA5 /* Build configuration list for PBXNativeTarget "SceneKitTestTests" */;
			buildPhases = (
				68FAC9372C198AED001E7DA5 /* Sources */,
				68FAC9382C198AED001E7DA5 /* Frameworks */,
				68FAC9392C198AED001E7DA5 /* Resources */,
			);
			buildRules = (
			);
			dependencies = (
				68FAC93D2C198AED001E7DA5 /* PBXTargetDependency */,
			);
			name = SceneKitTestTests;
			productName = SceneKitTests;
			productReference = 68FAC93B2C198AED001E7DA5 /* SceneKitTestTests.xctest */;
			productType = "com.apple.product-type.bundle.unit-test";
		};
		68FAC9442C198AED001E7DA5 /* SceneKitTestUITests */ = {
			isa = PBXNativeTarget;
			buildConfigurationList = 68FAC9552C198AED001E7DA5 /* Build configuration list for PBXNativeTarget "SceneKitTestUITests" */;
			buildPhases = (
				68FAC9412C198AED001E7DA5 /* Sources */,
				68FAC9422C198AED001E7DA5 /* Frameworks */,
				68FAC9432C198AED001E7DA5 /* Resources */,
			);
			buildRules = (
			);
			dependencies = (
				68FAC9472C198AED001E7DA5 /* PBXTargetDependency */,
			);
			name = SceneKitTestUITests;
			productName = SceneKitUITests;
			productReference = 68FAC9452C198AED001E7DA5 /* SceneKitTestUITests.xctest */;
			productType = "com.apple.product-type.bundle.ui-testing";
		};
/* End PBXNativeTarget section */

/* Begin PBXProject section */
		68FAC9212C198AEB001E7DA5 /* Project object */ = {
			isa = PBXProject;
			attributes = {
				BuildIndependentTargetsInParallel = 1;
				LastSwiftUpdateCheck = 1540;
				LastUpgradeCheck = 1540;
				TargetAttributes = {
					68FAC9282C198AEB001E7DA5 = {
						CreatedOnToolsVersion = 15.4;
					};
					68FAC93A2C198AED001E7DA5 = {
						CreatedOnToolsVersion = 15.4;
						TestTargetID = 68FAC9282C198AEB001E7DA5;
					};
					68FAC9442C198AED001E7DA5 = {
						CreatedOnToolsVersion = 15.4;
						TestTargetID = 68FAC9282C198AEB001E7DA5;
					};
				};
			};
			buildConfigurationList = 68FAC9242C198AEB001E7DA5 /* Build configuration list for PBXProject "SceneKitTest" */;
			compatibilityVersion = "Xcode 14.0";
			developmentRegion = en;
			hasScannedForEncodings = 0;
			knownRegions = (
				en,
				Base,
			);
			mainGroup = 68FAC9202C198AEB001E7DA5;
			productRefGroup = 68FAC92A2C198AEB001E7DA5 /* Products */;
			projectDirPath = "";
			projectRoot = "";
			targets = (
				68FAC9282C198AEB001E7DA5 /* SceneKitTest */,
				68FAC93A2C198AED001E7DA5 /* SceneKitTestTests */,
				68FAC9442C198AED001E7DA5 /* SceneKitTestUITests */,
			);
		};
/* End PBXProject section */

/* Begin PBXResourcesBuildPhase section */
		68FAC9272C198AEB001E7DA5 /* Resources */ = {
			isa = PBXResourcesBuildPhase;
			buildActionMask = 2147483647;
			files = (
				68FAC9662C1AD4B3001E7DA5 /* Main.storyboard in Resources */,
				68FAC9652C1AD4B3001E7DA5 /* Assets.xcassets in Resources */,
				68FAC9682C1AD4B3001E7DA5 /* scientists.json in Resources */,
			);
			runOnlyForDeploymentPostprocessing = 0;
		};
		68FAC9392C198AED001E7DA5 /* Resources */ = {
			isa = PBXResourcesBuildPhase;
			buildActionMask = 2147483647;
			files = (
			);
			runOnlyForDeploymentPostprocessing = 0;
		};
		68FAC9432C198AED001E7DA5 /* Resources */ = {
			isa = PBXResourcesBuildPhase;
			buildActionMask = 2147483647;
			files = (
			);
			runOnlyForDeploymentPostprocessing = 0;
		};
/* End PBXResourcesBuildPhase section */

/* Begin PBXSourcesBuildPhase section */
		68FAC9252C198AEB001E7DA5 /* Sources */ = {
			isa = PBXSourcesBuildPhase;
			buildActionMask = 2147483647;
			files = (
				68FAC9692C1AD4B3001E7DA5 /* ViewController.swift in Sources */,
				68FAC9642C1AD4B3001E7DA5 /* AppDelegate.swift in Sources */,
				68FAC9672C1AD4B3001E7DA5 /* Scientist.swift in Sources */,
			);
			runOnlyForDeploymentPostprocessing = 0;
		};
		68FAC9372C198AED001E7DA5 /* Sources */ = {
			isa = PBXSourcesBuildPhase;
			buildActionMask = 2147483647;
			files = (
				68FAC9402C198AED001E7DA5 /* SceneKitTests.swift in Sources */,
			);
			runOnlyForDeploymentPostprocessing = 0;
		};
		68FAC9412C198AED001E7DA5 /* Sources */ = {
			isa = PBXSourcesBuildPhase;
			buildActionMask = 2147483647;
			files = (
				68FAC94C2C198AED001E7DA5 /* SceneKitUITestsLaunchTests.swift in Sources */,
				68FAC94A2C198AED001E7DA5 /* SceneKitUITests.swift in Sources */,
			);
			runOnlyForDeploymentPostprocessing = 0;
		};
/* End PBXSourcesBuildPhase section */

/* Begin PBXTargetDependency section */
		68FAC93D2C198AED001E7DA5 /* PBXTargetDependency */ = {
			isa = PBXTargetDependency;
			target = 68FAC9282C198AEB001E7DA5 /* SceneKitTest */;
			targetProxy = 68FAC93C2C198AED001E7DA5 /* PBXContainerItemProxy */;
		};
		68FAC9472C198AED001E7DA5 /* PBXTargetDependency */ = {
			isa = PBXTargetDependency;
			target = 68FAC9282C198AEB001E7DA5 /* SceneKitTest */;
			targetProxy = 68FAC9462C198AED001E7DA5 /* PBXContainerItemProxy */;
		};
/* End PBXTargetDependency section */

/* Begin PBXVariantGroup section */
		68FAC95F2C1AD4B3001E7DA5 /* Main.storyboard */ = {
			isa = PBXVariantGroup;
			children = (
				68FAC95E2C1AD4B3001E7DA5 /* Base */,
			);
			name = Main.storyboard;
			sourceTree = "<group>";
		};
/* End PBXVariantGroup section */

/* Begin XCBuildConfiguration section */
		68FAC94D2C198AED001E7DA5 /* Debug */ = {
			isa = XCBuildConfiguration;
			buildSettings = {
				ALWAYS_SEARCH_USER_PATHS = NO;
				ASSETCATALOG_COMPILER_GENERATE_SWIFT_ASSET_SYMBOL_EXTENSIONS = YES;
				CLANG_ANALYZER_NONNULL = YES;
				CLANG_ANALYZER_NUMBER_OBJECT_CONVERSION = YES_AGGRESSIVE;
				CLANG_CXX_LANGUAGE_STANDARD = "gnu++20";
				CLANG_ENABLE_MODULES = YES;
				CLANG_ENABLE_OBJC_ARC = YES;
				CLANG_ENABLE_OBJC_WEAK = YES;
				CLANG_WARN_BLOCK_CAPTURE_AUTORELEASING = YES;
				CLANG_WARN_BOOL_CONVERSION = YES;
				CLANG_WARN_COMMA = YES;
				CLANG_WARN_CONSTANT_CONVERSION = YES;
				CLANG_WARN_DEPRECATED_OBJC_IMPLEMENTATIONS = YES;
				CLANG_WARN_DIRECT_OBJC_ISA_USAGE = YES_ERROR;
				CLANG_WARN_DOCUMENTATION_COMMENTS = YES;
				CLANG_WARN_EMPTY_BODY = YES;
				CLANG_WARN_ENUM_CONVERSION = YES;
				CLANG_WARN_INFINITE_RECURSION = YES;
				CLANG_WARN_INT_CONVERSION = YES;
				CLANG_WARN_NON_LITERAL_NULL_CONVERSION = YES;
				CLANG_WARN_OBJC_IMPLICIT_RETAIN_SELF = YES;
				CLANG_WARN_OBJC_LITERAL_CONVERSION = YES;
				CLANG_WARN_OBJC_ROOT_CLASS = YES_ERROR;
				CLANG_WARN_QUOTED_INCLUDE_IN_FRAMEWORK_HEADER = YES;
				CLANG_WARN_RANGE_LOOP_ANALYSIS = YES;
				CLANG_WARN_STRICT_PROTOTYPES = YES;
				CLANG_WARN_SUSPICIOUS_MOVE = YES;
				CLANG_WARN_UNGUARDED_AVAILABILITY = YES_AGGRESSIVE;
				CLANG_WARN_UNREACHABLE_CODE = YES;
				CLANG_WARN__DUPLICATE_METHOD_MATCH = YES;
				COPY_PHASE_STRIP = NO;
				DEBUG_INFORMATION_FORMAT = dwarf;
				ENABLE_STRICT_OBJC_MSGSEND = YES;
				ENABLE_TESTABILITY = YES;
				ENABLE_USER_SCRIPT_SANDBOXING = YES;
				GCC_C_LANGUAGE_STANDARD = gnu17;
				GCC_DYNAMIC_NO_PIC = NO;
				GCC_NO_COMMON_BLOCKS = YES;
				GCC_OPTIMIZATION_LEVEL = 0;
				GCC_PREPROCESSOR_DEFINITIONS = (
					"DEBUG=1",
					"$(inherited)",
				);
				GCC_WARN_64_TO_32_BIT_CONVERSION = YES;
				GCC_WARN_ABOUT_RETURN_TYPE = YES_ERROR;
				GCC_WARN_UNDECLARED_SELECTOR = YES;
				GCC_WARN_UNINITIALIZED_AUTOS = YES_AGGRESSIVE;
				GCC_WARN_UNUSED_FUNCTION = YES;
				GCC_WARN_UNUSED_VARIABLE = YES;
				IPHONEOS_DEPLOYMENT_TARGET = 17.5;
				LOCALIZATION_PREFERS_STRING_CATALOGS = YES;
				MTL_ENABLE_DEBUG_INFO = INCLUDE_SOURCE;
				MTL_FAST_MATH = YES;
				ONLY_ACTIVE_ARCH = YES;
				SDKROOT = iphoneos;
				SWIFT_ACTIVE_COMPILATION_CONDITIONS = "DEBUG $(inherited)";
				SWIFT_OPTIMIZATION_LEVEL = "-Onone";
			};
			name = Debug;
		};
		68FAC94E2C198AED001E7DA5 /* Release */ = {
			isa = XCBuildConfiguration;
			buildSettings = {
				ALWAYS_SEARCH_USER_PATHS = NO;
				ASSETCATALOG_COMPILER_GENERATE_SWIFT_ASSET_SYMBOL_EXTENSIONS = YES;
				CLANG_ANALYZER_NONNULL = YES;
				CLANG_ANALYZER_NUMBER_OBJECT_CONVERSION = YES_AGGRESSIVE;
				CLANG_CXX_LANGUAGE_STANDARD = "gnu++20";
				CLANG_ENABLE_MODULES = YES;
				CLANG_ENABLE_OBJC_ARC = YES;
				CLANG_ENABLE_OBJC_WEAK = YES;
				CLANG_WARN_BLOCK_CAPTURE_AUTORELEASING = YES;
				CLANG_WARN_BOOL_CONVERSION = YES;
				CLANG_WARN_COMMA = YES;
				CLANG_WARN_CONSTANT_CONVERSION = YES;
				CLANG_WARN_DEPRECATED_OBJC_IMPLEMENTATIONS = YES;
				CLANG_WARN_DIRECT_OBJC_ISA_USAGE = YES_ERROR;
				CLANG_WARN_DOCUMENTATION_COMMENTS = YES;
				CLANG_WARN_EMPTY_BODY = YES;
				CLANG_WARN_ENUM_CONVERSION = YES;
				CLANG_WARN_INFINITE_RECURSION = YES;
				CLANG_WARN_INT_CONVERSION = YES;
				CLANG_WARN_NON_LITERAL_NULL_CONVERSION = YES;
				CLANG_WARN_OBJC_IMPLICIT_RETAIN_SELF = YES;
				CLANG_WARN_OBJC_LITERAL_CONVERSION = YES;
				CLANG_WARN_OBJC_ROOT_CLASS = YES_ERROR;
				CLANG_WARN_QUOTED_INCLUDE_IN_FRAMEWORK_HEADER = YES;
				CLANG_WARN_RANGE_LOOP_ANALYSIS = YES;
				CLANG_WARN_STRICT_PROTOTYPES = YES;
				CLANG_WARN_SUSPICIOUS_MOVE = YES;
				CLANG_WARN_UNGUARDED_AVAILABILITY = YES_AGGRESSIVE;
				CLANG_WARN_UNREACHABLE_CODE = YES;
				CLANG_WARN__DUPLICATE_METHOD_MATCH = YES;
				COPY_PHASE_STRIP = NO;
				DEBUG_INFORMATION_FORMAT = "dwarf-with-dsym";
				ENABLE_NS_ASSERTIONS = NO;
				ENABLE_STRICT_OBJC_MSGSEND = YES;
				ENABLE_USER_SCRIPT_SANDBOXING = YES;
				GCC_C_LANGUAGE_STANDARD = gnu17;
				GCC_NO_COMMON_BLOCKS = YES;
				GCC_WARN_64_TO_32_BIT_CONVERSION = YES;
				GCC_WARN_ABOUT_RETURN_TYPE = YES_ERROR;
				GCC_WARN_UNDECLARED_SELECTOR = YES;
				GCC_WARN_UNINITIALIZED_AUTOS = YES_AGGRESSIVE;
				GCC_WARN_UNUSED_FUNCTION = YES;
				GCC_WARN_UNUSED_VARIABLE = YES;
				IPHONEOS_DEPLOYMENT_TARGET = 17.5;
				LOCALIZATION_PREFERS_STRING_CATALOGS = YES;
				MTL_ENABLE_DEBUG_INFO = NO;
				MTL_FAST_MATH = YES;
				SDKROOT = iphoneos;
				SWIFT_COMPILATION_MODE = wholemodule;
				VALIDATE_PRODUCT = YES;
			};
			name = Release;
		};
		68FAC9502C198AED001E7DA5 /* Debug */ = {
			isa = XCBuildConfiguration;
			buildSettings = {
				ASSETCATALOG_COMPILER_APPICON_NAME = AppIcon;
				ASSETCATALOG_COMPILER_GLOBAL_ACCENT_COLOR_NAME = AccentColor;
				CODE_SIGN_STYLE = Automatic;
				CURRENT_PROJECT_VERSION = 1;
				DEVELOPMENT_TEAM = W5VT7795S2;
				GENERATE_INFOPLIST_FILE = YES;
				INFOPLIST_KEY_NSCameraUsageDescription = "";
				INFOPLIST_KEY_UIApplicationSupportsIndirectInputEvents = YES;
				INFOPLIST_KEY_UIMainStoryboardFile = Main;
				INFOPLIST_KEY_UIRequiredDeviceCapabilities = arkit;
				INFOPLIST_KEY_UIStatusBarHidden = YES;
				INFOPLIST_KEY_UISupportedInterfaceOrientations_iPad = "UIInterfaceOrientationPortrait UIInterfaceOrientationPortraitUpsideDown UIInterfaceOrientationLandscapeLeft UIInterfaceOrientationLandscapeRight";
				INFOPLIST_KEY_UISupportedInterfaceOrientations_iPhone = "UIInterfaceOrientationPortrait UIInterfaceOrientationLandscapeLeft UIInterfaceOrientationLandscapeRight";
				LD_RUNPATH_SEARCH_PATHS = (
					"$(inherited)",
					"@executable_path/Frameworks",
				);
				MARKETING_VERSION = 1.0;
				PRODUCT_BUNDLE_IDENTIFIER = pos.idserve.net.SceneKitTest;
				PRODUCT_NAME = "$(TARGET_NAME)";
				SWIFT_EMIT_LOC_STRINGS = YES;
				SWIFT_VERSION = 5.0;
				TARGETED_DEVICE_FAMILY = "1,2";
			};
			name = Debug;
		};
		68FAC9512C198AED001E7DA5 /* Release */ = {
			isa = XCBuildConfiguration;
			buildSettings = {
				ASSETCATALOG_COMPILER_APPICON_NAME = AppIcon;
				ASSETCATALOG_COMPILER_GLOBAL_ACCENT_COLOR_NAME = AccentColor;
				CODE_SIGN_STYLE = Automatic;
				CURRENT_PROJECT_VERSION = 1;
				DEVELOPMENT_TEAM = W5VT7795S2;
				GENERATE_INFOPLIST_FILE = YES;
				INFOPLIST_KEY_NSCameraUsageDescription = "";
				INFOPLIST_KEY_UIApplicationSupportsIndirectInputEvents = YES;
				INFOPLIST_KEY_UIMainStoryboardFile = Main;
				INFOPLIST_KEY_UIRequiredDeviceCapabilities = arkit;
				INFOPLIST_KEY_UIStatusBarHidden = YES;
				INFOPLIST_KEY_UISupportedInterfaceOrientations_iPad = "UIInterfaceOrientationPortrait UIInterfaceOrientationPortraitUpsideDown UIInterfaceOrientationLandscapeLeft UIInterfaceOrientationLandscapeRight";
				INFOPLIST_KEY_UISupportedInterfaceOrientations_iPhone = "UIInterfaceOrientationPortrait UIInterfaceOrientationLandscapeLeft UIInterfaceOrientationLandscapeRight";
				LD_RUNPATH_SEARCH_PATHS = (
					"$(inherited)",
					"@executable_path/Frameworks",
				);
				MARKETING_VERSION = 1.0;
				PRODUCT_BUNDLE_IDENTIFIER = pos.idserve.net.SceneKitTest;
				PRODUCT_NAME = "$(TARGET_NAME)";
				SWIFT_EMIT_LOC_STRINGS = YES;
				SWIFT_VERSION = 5.0;
				TARGETED_DEVICE_FAMILY = "1,2";
			};
			name = Release;
		};
		68FAC9532C198AED001E7DA5 /* Debug */ = {
			isa = XCBuildConfiguration;
			buildSettings = {
				ALWAYS_EMBED_SWIFT_STANDARD_LIBRARIES = YES;
				BUNDLE_LOADER = "$(TEST_HOST)";
				CODE_SIGN_STYLE = Automatic;
				CURRENT_PROJECT_VERSION = 1;
				GENERATE_INFOPLIST_FILE = YES;
				IPHONEOS_DEPLOYMENT_TARGET = 17.5;
				MARKETING_VERSION = 1.0;
				PRODUCT_BUNDLE_IDENTIFIER = pos.idserve.net.SceneKitTests;
				PRODUCT_NAME = "$(TARGET_NAME)";
				SWIFT_EMIT_LOC_STRINGS = NO;
				SWIFT_VERSION = 5.0;
				TARGETED_DEVICE_FAMILY = "1,2";
				TEST_HOST = "$(BUILT_PRODUCTS_DIR)/SceneKitTest.app/$(BUNDLE_EXECUTABLE_FOLDER_PATH)/SceneKitTest";
			};
			name = Debug;
		};
		68FAC9542C198AED001E7DA5 /* Release */ = {
			isa = XCBuildConfiguration;
			buildSettings = {
				ALWAYS_EMBED_SWIFT_STANDARD_LIBRARIES = YES;
				BUNDLE_LOADER = "$(TEST_HOST)";
				CODE_SIGN_STYLE = Automatic;
				CURRENT_PROJECT_VERSION = 1;
				GENERATE_INFOPLIST_FILE = YES;
				IPHONEOS_DEPLOYMENT_TARGET = 17.5;
				MARKETING_VERSION = 1.0;
				PRODUCT_BUNDLE_IDENTIFIER = pos.idserve.net.SceneKitTests;
				PRODUCT_NAME = "$(TARGET_NAME)";
				SWIFT_EMIT_LOC_STRINGS = NO;
				SWIFT_VERSION = 5.0;
				TARGETED_DEVICE_FAMILY = "1,2";
				TEST_HOST = "$(BUILT_PRODUCTS_DIR)/SceneKitTest.app/$(BUNDLE_EXECUTABLE_FOLDER_PATH)/SceneKitTest";
			};
			name = Release;
		};
		68FAC9562C198AED001E7DA5 /* Debug */ = {
			isa = XCBuildConfiguration;
			buildSettings = {
				ALWAYS_EMBED_SWIFT_STANDARD_LIBRARIES = YES;
				CODE_SIGN_STYLE = Automatic;
				CURRENT_PROJECT_VERSION = 1;
				GENERATE_INFOPLIST_FILE = YES;
				MARKETING_VERSION = 1.0;
				PRODUCT_BUNDLE_IDENTIFIER = pos.idserve.net.SceneKitUITests;
				PRODUCT_NAME = "$(TARGET_NAME)";
				SWIFT_EMIT_LOC_STRINGS = NO;
				SWIFT_VERSION = 5.0;
				TARGETED_DEVICE_FAMILY = "1,2";
				TEST_TARGET_NAME = SceneKit;
			};
			name = Debug;
		};
		68FAC9572C198AED001E7DA5 /* Release */ = {
			isa = XCBuildConfiguration;
			buildSettings = {
				ALWAYS_EMBED_SWIFT_STANDARD_LIBRARIES = YES;
				CODE_SIGN_STYLE = Automatic;
				CURRENT_PROJECT_VERSION = 1;
				GENERATE_INFOPLIST_FILE = YES;
				MARKETING_VERSION = 1.0;
				PRODUCT_BUNDLE_IDENTIFIER = pos.idserve.net.SceneKitUITests;
				PRODUCT_NAME = "$(TARGET_NAME)";
				SWIFT_EMIT_LOC_STRINGS = NO;
				SWIFT_VERSION = 5.0;
				TARGETED_DEVICE_FAMILY = "1,2";
				TEST_TARGET_NAME = SceneKit;
			};
			name = Release;
		};
/* End XCBuildConfiguration section */

/* Begin XCConfigurationList section */
		68FAC9242C198AEB001E7DA5 /* Build configuration list for PBXProject "SceneKitTest" */ = {
			isa = XCConfigurationList;
			buildConfigurations = (
				68FAC94D2C198AED001E7DA5 /* Debug */,
				68FAC94E2C198AED001E7DA5 /* Release */,
			);
			defaultConfigurationIsVisible = 0;
			defaultConfigurationName = Release;
		};
		68FAC94F2C198AED001E7DA5 /* Build configuration list for PBXNativeTarget "SceneKitTest" */ = {
			isa = XCConfigurationList;
			buildConfigurations = (
				68FAC9502C198AED001E7DA5 /* Debug */,
				68FAC9512C198AED001E7DA5 /* Release */,
			);
			defaultConfigurationIsVisible = 0;
			defaultConfigurationName = Release;
		};
		68FAC9522C198AED001E7DA5 /* Build configuration list for PBXNativeTarget "SceneKitTestTests" */ = {
			isa = XCConfigurationList;
			buildConfigurations = (
				68FAC9532C198AED001E7DA5 /* Debug */,
				68FAC9542C198AED001E7DA5 /* Release */,
			);
			defaultConfigurationIsVisible = 0;
			defaultConfigurationName = Release;
		};
		68FAC9552C198AED001E7DA5 /* Build configuration list for PBXNativeTarget "SceneKitTestUITests" */ = {
			isa = XCConfigurationList;
			buildConfigurations = (
				68FAC9562C198AED001E7DA5 /* Debug */,
				68FAC9572C198AED001E7DA5 /* Release */,
			);
			defaultConfigurationIsVisible = 0;
			defaultConfigurationName = Release;
		};
/* End XCConfigurationList section */
	};
	rootObject = 68FAC9212C198AEB001E7DA5 /* Project object */;
}
