// !$*UTF8*$!
{
	archiveVersion = 1;
	classes = {
	};
	objectVersion = 56;
	objects = {

/* Begin PBXBuildFile section */
		68D141D52BCCAB10007BE22E /* D_Day_AppApp.swift in Sources */ = {isa = PBXBuildFile; fileRef = 68D141D42BCCAB10007BE22E /* D_Day_AppApp.swift */; };
		68D141D72BCCAB10007BE22E /* ContentView.swift in Sources */ = {isa = PBXBuildFile; fileRef = 68D141D62BCCAB10007BE22E /* ContentView.swift */; };
		68D141D92BCCAB12007BE22E /* Assets.xcassets in Resources */ = {isa = PBXBuildFile; fileRef = 68D141D82BCCAB12007BE22E /* Assets.xcassets */; };
		68D141DC2BCCAB12007BE22E /* Preview Assets.xcassets in Resources */ = {isa = PBXBuildFile; fileRef = 68D141DB2BCCAB12007BE22E /* Preview Assets.xcassets */; };
		68D141E62BCCAB12007BE22E /* D_Day_AppTests.swift in Sources */ = {isa = PBXBuildFile; fileRef = 68D141E52BCCAB12007BE22E /* D_Day_AppTests.swift */; };
		68D141F02BCCAB12007BE22E /* D_Day_AppUITests.swift in Sources */ = {isa = PBXBuildFile; fileRef = 68D141EF2BCCAB12007BE22E /* D_Day_AppUITests.swift */; };
		68D141F22BCCAB12007BE22E /* D_Day_AppUITestsLaunchTests.swift in Sources */ = {isa = PBXBuildFile; fileRef = 68D141F12BCCAB12007BE22E /* D_Day_AppUITestsLaunchTests.swift */; };
/* End PBXBuildFile section */

/* Begin PBXContainerItemProxy section */
		68D141E22BCCAB12007BE22E /* PBXContainerItemProxy */ = {
			isa = PBXContainerItemProxy;
			containerPortal = 68D141C92BCCAB10007BE22E /* Project object */;
			proxyType = 1;
			remoteGlobalIDString = 68D141D02BCCAB10007BE22E;
			remoteInfo = "D-Day App";
		};
		68D141EC2BCCAB12007BE22E /* PBXContainerItemProxy */ = {
			isa = PBXContainerItemProxy;
			containerPortal = 68D141C92BCCAB10007BE22E /* Project object */;
			proxyType = 1;
			remoteGlobalIDString = 68D141D02BCCAB10007BE22E;
			remoteInfo = "D-Day App";
		};
/* End PBXContainerItemProxy section */

/* Begin PBXFileReference section */
		68D141D12BCCAB10007BE22E /* D-Day App.app */ = {isa = PBXFileReference; explicitFileType = wrapper.application; includeInIndex = 0; path = "D-Day App.app"; sourceTree = BUILT_PRODUCTS_DIR; };
		68D141D42BCCAB10007BE22E /* D_Day_AppApp.swift */ = {isa = PBXFileReference; lastKnownFileType = sourcecode.swift; path = D_Day_AppApp.swift; sourceTree = "<group>"; };
		68D141D62BCCAB10007BE22E /* ContentView.swift */ = {isa = PBXFileReference; lastKnownFileType = sourcecode.swift; path = ContentView.swift; sourceTree = "<group>"; };
		68D141D82BCCAB12007BE22E /* Assets.xcassets */ = {isa = PBXFileReference; lastKnownFileType = folder.assetcatalog; path = Assets.xcassets; sourceTree = "<group>"; };
		68D141DB2BCCAB12007BE22E /* Preview Assets.xcassets */ = {isa = PBXFileReference; lastKnownFileType = folder.assetcatalog; path = "Preview Assets.xcassets"; sourceTree = "<group>"; };
		68D141E12BCCAB12007BE22E /* D-Day AppTests.xctest */ = {isa = PBXFileReference; explicitFileType = wrapper.cfbundle; includeInIndex = 0; path = "D-Day AppTests.xctest"; sourceTree = BUILT_PRODUCTS_DIR; };
		68D141E52BCCAB12007BE22E /* D_Day_AppTests.swift */ = {isa = PBXFileReference; lastKnownFileType = sourcecode.swift; path = D_Day_AppTests.swift; sourceTree = "<group>"; };
		68D141EB2BCCAB12007BE22E /* D-Day AppUITests.xctest */ = {isa = PBXFileReference; explicitFileType = wrapper.cfbundle; includeInIndex = 0; path = "D-Day AppUITests.xctest"; sourceTree = BUILT_PRODUCTS_DIR; };
		68D141EF2BCCAB12007BE22E /* D_Day_AppUITests.swift */ = {isa = PBXFileReference; lastKnownFileType = sourcecode.swift; path = D_Day_AppUITests.swift; sourceTree = "<group>"; };
		68D141F12BCCAB12007BE22E /* D_Day_AppUITestsLaunchTests.swift */ = {isa = PBXFileReference; lastKnownFileType = sourcecode.swift; path = D_Day_AppUITestsLaunchTests.swift; sourceTree = "<group>"; };
/* End PBXFileReference section */

/* Begin PBXFrameworksBuildPhase section */
		68D141CE2BCCAB10007BE22E /* Frameworks */ = {
			isa = PBXFrameworksBuildPhase;
			buildActionMask = 2147483647;
			files = (
			);
			runOnlyForDeploymentPostprocessing = 0;
		};
		68D141DE2BCCAB12007BE22E /* Frameworks */ = {
			isa = PBXFrameworksBuildPhase;
			buildActionMask = 2147483647;
			files = (
			);
			runOnlyForDeploymentPostprocessing = 0;
		};
		68D141E82BCCAB12007BE22E /* Frameworks */ = {
			isa = PBXFrameworksBuildPhase;
			buildActionMask = 2147483647;
			files = (
			);
			runOnlyForDeploymentPostprocessing = 0;
		};
/* End PBXFrameworksBuildPhase section */

/* Begin PBXGroup section */
		68D141C82BCCAB10007BE22E = {
			isa = PBXGroup;
			children = (
				68D141D32BCCAB10007BE22E /* D-Day App */,
				68D141E42BCCAB12007BE22E /* D-Day AppTests */,
				68D141EE2BCCAB12007BE22E /* D-Day AppUITests */,
				68D141D22BCCAB10007BE22E /* Products */,
			);
			sourceTree = "<group>";
		};
		68D141D22BCCAB10007BE22E /* Products */ = {
			isa = PBXGroup;
			children = (
				68D141D12BCCAB10007BE22E /* D-Day App.app */,
				68D141E12BCCAB12007BE22E /* D-Day AppTests.xctest */,
				68D141EB2BCCAB12007BE22E /* D-Day AppUITests.xctest */,
			);
			name = Products;
			sourceTree = "<group>";
		};
		68D141D32BCCAB10007BE22E /* D-Day App */ = {
			isa = PBXGroup;
			children = (
				68D141D42BCCAB10007BE22E /* D_Day_AppApp.swift */,
				68D141D62BCCAB10007BE22E /* ContentView.swift */,
				68D141D82BCCAB12007BE22E /* Assets.xcassets */,
				68D141DA2BCCAB12007BE22E /* Preview Content */,
			);
			path = "D-Day App";
			sourceTree = "<group>";
		};
		68D141DA2BCCAB12007BE22E /* Preview Content */ = {
			isa = PBXGroup;
			children = (
				68D141DB2BCCAB12007BE22E /* Preview Assets.xcassets */,
			);
			path = "Preview Content";
			sourceTree = "<group>";
		};
		68D141E42BCCAB12007BE22E /* D-Day AppTests */ = {
			isa = PBXGroup;
			children = (
				68D141E52BCCAB12007BE22E /* D_Day_AppTests.swift */,
			);
			path = "D-Day AppTests";
			sourceTree = "<group>";
		};
		68D141EE2BCCAB12007BE22E /* D-Day AppUITests */ = {
			isa = PBXGroup;
			children = (
				68D141EF2BCCAB12007BE22E /* D_Day_AppUITests.swift */,
				68D141F12BCCAB12007BE22E /* D_Day_AppUITestsLaunchTests.swift */,
			);
			path = "D-Day AppUITests";
			sourceTree = "<group>";
		};
/* End PBXGroup section */

/* Begin PBXNativeTarget section */
		68D141D02BCCAB10007BE22E /* D-Day App */ = {
			isa = PBXNativeTarget;
			buildConfigurationList = 68D141F52BCCAB12007BE22E /* Build configuration list for PBXNativeTarget "D-Day App" */;
			buildPhases = (
				68D141CD2BCCAB10007BE22E /* Sources */,
				68D141CE2BCCAB10007BE22E /* Frameworks */,
				68D141CF2BCCAB10007BE22E /* Resources */,
			);
			buildRules = (
			);
			dependencies = (
			);
			name = "D-Day App";
			productName = "D-Day App";
			productReference = 68D141D12BCCAB10007BE22E /* D-Day App.app */;
			productType = "com.apple.product-type.application";
		};
		68D141E02BCCAB12007BE22E /* D-Day AppTests */ = {
			isa = PBXNativeTarget;
			buildConfigurationList = 68D141F82BCCAB12007BE22E /* Build configuration list for PBXNativeTarget "D-Day AppTests" */;
			buildPhases = (
				68D141DD2BCCAB12007BE22E /* Sources */,
				68D141DE2BCCAB12007BE22E /* Frameworks */,
				68D141DF2BCCAB12007BE22E /* Resources */,
			);
			buildRules = (
			);
			dependencies = (
				68D141E32BCCAB12007BE22E /* PBXTargetDependency */,
			);
			name = "D-Day AppTests";
			productName = "D-Day AppTests";
			productReference = 68D141E12BCCAB12007BE22E /* D-Day AppTests.xctest */;
			productType = "com.apple.product-type.bundle.unit-test";
		};
		68D141EA2BCCAB12007BE22E /* D-Day AppUITests */ = {
			isa = PBXNativeTarget;
			buildConfigurationList = 68D141FB2BCCAB12007BE22E /* Build configuration list for PBXNativeTarget "D-Day AppUITests" */;
			buildPhases = (
				68D141E72BCCAB12007BE22E /* Sources */,
				68D141E82BCCAB12007BE22E /* Frameworks */,
				68D141E92BCCAB12007BE22E /* Resources */,
			);
			buildRules = (
			);
			dependencies = (
				68D141ED2BCCAB12007BE22E /* PBXTargetDependency */,
			);
			name = "D-Day AppUITests";
			productName = "D-Day AppUITests";
			productReference = 68D141EB2BCCAB12007BE22E /* D-Day AppUITests.xctest */;
			productType = "com.apple.product-type.bundle.ui-testing";
		};
/* End PBXNativeTarget section */

/* Begin PBXProject section */
		68D141C92BCCAB10007BE22E /* Project object */ = {
			isa = PBXProject;
			attributes = {
				BuildIndependentTargetsInParallel = 1;
				LastSwiftUpdateCheck = 1530;
				LastUpgradeCheck = 1530;
				TargetAttributes = {
					68D141D02BCCAB10007BE22E = {
						CreatedOnToolsVersion = 15.3;
					};
					68D141E02BCCAB12007BE22E = {
						CreatedOnToolsVersion = 15.3;
						TestTargetID = 68D141D02BCCAB10007BE22E;
					};
					68D141EA2BCCAB12007BE22E = {
						CreatedOnToolsVersion = 15.3;
						TestTargetID = 68D141D02BCCAB10007BE22E;
					};
				};
			};
			buildConfigurationList = 68D141CC2BCCAB10007BE22E /* Build configuration list for PBXProject "D-Day App" */;
			compatibilityVersion = "Xcode 14.0";
			developmentRegion = en;
			hasScannedForEncodings = 0;
			knownRegions = (
				en,
				Base,
			);
			mainGroup = 68D141C82BCCAB10007BE22E;
			productRefGroup = 68D141D22BCCAB10007BE22E /* Products */;
			projectDirPath = "";
			projectRoot = "";
			targets = (
				68D141D02BCCAB10007BE22E /* D-Day App */,
				68D141E02BCCAB12007BE22E /* D-Day AppTests */,
				68D141EA2BCCAB12007BE22E /* D-Day AppUITests */,
			);
		};
/* End PBXProject section */

/* Begin PBXResourcesBuildPhase section */
		68D141CF2BCCAB10007BE22E /* Resources */ = {
			isa = PBXResourcesBuildPhase;
			buildActionMask = 2147483647;
			files = (
				68D141DC2BCCAB12007BE22E /* Preview Assets.xcassets in Resources */,
				68D141D92BCCAB12007BE22E /* Assets.xcassets in Resources */,
			);
			runOnlyForDeploymentPostprocessing = 0;
		};
		68D141DF2BCCAB12007BE22E /* Resources */ = {
			isa = PBXResourcesBuildPhase;
			buildActionMask = 2147483647;
			files = (
			);
			runOnlyForDeploymentPostprocessing = 0;
		};
		68D141E92BCCAB12007BE22E /* Resources */ = {
			isa = PBXResourcesBuildPhase;
			buildActionMask = 2147483647;
			files = (
			);
			runOnlyForDeploymentPostprocessing = 0;
		};
/* End PBXResourcesBuildPhase section */

/* Begin PBXSourcesBuildPhase section */
		68D141CD2BCCAB10007BE22E /* Sources */ = {
			isa = PBXSourcesBuildPhase;
			buildActionMask = 2147483647;
			files = (
				68D141D72BCCAB10007BE22E /* ContentView.swift in Sources */,
				68D141D52BCCAB10007BE22E /* D_Day_AppApp.swift in Sources */,
			);
			runOnlyForDeploymentPostprocessing = 0;
		};
		68D141DD2BCCAB12007BE22E /* Sources */ = {
			isa = PBXSourcesBuildPhase;
			buildActionMask = 2147483647;
			files = (
				68D141E62BCCAB12007BE22E /* D_Day_AppTests.swift in Sources */,
			);
			runOnlyForDeploymentPostprocessing = 0;
		};
		68D141E72BCCAB12007BE22E /* Sources */ = {
			isa = PBXSourcesBuildPhase;
			buildActionMask = 2147483647;
			files = (
				68D141F22BCCAB12007BE22E /* D_Day_AppUITestsLaunchTests.swift in Sources */,
				68D141F02BCCAB12007BE22E /* D_Day_AppUITests.swift in Sources */,
			);
			runOnlyForDeploymentPostprocessing = 0;
		};
/* End PBXSourcesBuildPhase section */

/* Begin PBXTargetDependency section */
		68D141E32BCCAB12007BE22E /* PBXTargetDependency */ = {
			isa = PBXTargetDependency;
			target = 68D141D02BCCAB10007BE22E /* D-Day App */;
			targetProxy = 68D141E22BCCAB12007BE22E /* PBXContainerItemProxy */;
		};
		68D141ED2BCCAB12007BE22E /* PBXTargetDependency */ = {
			isa = PBXTargetDependency;
			target = 68D141D02BCCAB10007BE22E /* D-Day App */;
			targetProxy = 68D141EC2BCCAB12007BE22E /* PBXContainerItemProxy */;
		};
/* End PBXTargetDependency section */

/* Begin XCBuildConfiguration section */
		68D141F32BCCAB12007BE22E /* Debug */ = {
			isa = XCBuildConfiguration;
			buildSettings = {
				ALWAYS_SEARCH_USER_PATHS = NO;
				ASSETCATALOG_COMPILER_GENERATE_SWIFT_ASSET_SYMBOL_EXTENSIONS = YES;
				CLANG_ANALYZER_NONNULL = YES;
				CLANG_ANALYZER_NUMBER_OBJECT_CONVERSION = YES_AGGRESSIVE;
				CLANG_CXX_LANGUAGE_STANDARD = "gnu++20";
				CLANG_ENABLE_MODULES = YES;
				CLANG_ENABLE_OBJC_ARC = YES;
				CLANG_ENABLE_OBJC_WEAK = YES;
				CLANG_WARN_BLOCK_CAPTURE_AUTORELEASING = YES;
				CLANG_WARN_BOOL_CONVERSION = YES;
				CLANG_WARN_COMMA = YES;
				CLANG_WARN_CONSTANT_CONVERSION = YES;
				CLANG_WARN_DEPRECATED_OBJC_IMPLEMENTATIONS = YES;
				CLANG_WARN_DIRECT_OBJC_ISA_USAGE = YES_ERROR;
				CLANG_WARN_DOCUMENTATION_COMMENTS = YES;
				CLANG_WARN_EMPTY_BODY = YES;
				CLANG_WARN_ENUM_CONVERSION = YES;
				CLANG_WARN_INFINITE_RECURSION = YES;
				CLANG_WARN_INT_CONVERSION = YES;
				CLANG_WARN_NON_LITERAL_NULL_CONVERSION = YES;
				CLANG_WARN_OBJC_IMPLICIT_RETAIN_SELF = YES;
				CLANG_WARN_OBJC_LITERAL_CONVERSION = YES;
				CLANG_WARN_OBJC_ROOT_CLASS = YES_ERROR;
				CLANG_WARN_QUOTED_INCLUDE_IN_FRAMEWORK_HEADER = YES;
				CLANG_WARN_RANGE_LOOP_ANALYSIS = YES;
				CLANG_WARN_STRICT_PROTOTYPES = YES;
				CLANG_WARN_SUSPICIOUS_MOVE = YES;
				CLANG_WARN_UNGUARDED_AVAILABILITY = YES_AGGRESSIVE;
				CLANG_WARN_UNREACHABLE_CODE = YES;
				CLANG_WARN__DUPLICATE_METHOD_MATCH = YES;
				COPY_PHASE_STRIP = NO;
				DEBUG_INFORMATION_FORMAT = dwarf;
				ENABLE_STRICT_OBJC_MSGSEND = YES;
				ENABLE_TESTABILITY = YES;
				ENABLE_USER_SCRIPT_SANDBOXING = YES;
				GCC_C_LANGUAGE_STANDARD = gnu17;
				GCC_DYNAMIC_NO_PIC = NO;
				GCC_NO_COMMON_BLOCKS = YES;
				GCC_OPTIMIZATION_LEVEL = 0;
				GCC_PREPROCESSOR_DEFINITIONS = (
					"DEBUG=1",
					"$(inherited)",
				);
				GCC_WARN_64_TO_32_BIT_CONVERSION = YES;
				GCC_WARN_ABOUT_RETURN_TYPE = YES_ERROR;
				GCC_WARN_UNDECLARED_SELECTOR = YES;
				GCC_WARN_UNINITIALIZED_AUTOS = YES_AGGRESSIVE;
				GCC_WARN_UNUSED_FUNCTION = YES;
				GCC_WARN_UNUSED_VARIABLE = YES;
				IPHONEOS_DEPLOYMENT_TARGET = 17.4;
				LOCALIZATION_PREFERS_STRING_CATALOGS = YES;
				MTL_ENABLE_DEBUG_INFO = INCLUDE_SOURCE;
				MTL_FAST_MATH = YES;
				ONLY_ACTIVE_ARCH = YES;
				SDKROOT = iphoneos;
				SWIFT_ACTIVE_COMPILATION_CONDITIONS = "DEBUG $(inherited)";
				SWIFT_OPTIMIZATION_LEVEL = "-Onone";
			};
			name = Debug;
		};
		68D141F42BCCAB12007BE22E /* Release */ = {
			isa = XCBuildConfiguration;
			buildSettings = {
				ALWAYS_SEARCH_USER_PATHS = NO;
				ASSETCATALOG_COMPILER_GENERATE_SWIFT_ASSET_SYMBOL_EXTENSIONS = YES;
				CLANG_ANALYZER_NONNULL = YES;
				CLANG_ANALYZER_NUMBER_OBJECT_CONVERSION = YES_AGGRESSIVE;
				CLANG_CXX_LANGUAGE_STANDARD = "gnu++20";
				CLANG_ENABLE_MODULES = YES;
				CLANG_ENABLE_OBJC_ARC = YES;
				CLANG_ENABLE_OBJC_WEAK = YES;
				CLANG_WARN_BLOCK_CAPTURE_AUTORELEASING = YES;
				CLANG_WARN_BOOL_CONVERSION = YES;
				CLANG_WARN_COMMA = YES;
				CLANG_WARN_CONSTANT_CONVERSION = YES;
				CLANG_WARN_DEPRECATED_OBJC_IMPLEMENTATIONS = YES;
				CLANG_WARN_DIRECT_OBJC_ISA_USAGE = YES_ERROR;
				CLANG_WARN_DOCUMENTATION_COMMENTS = YES;
				CLANG_WARN_EMPTY_BODY = YES;
				CLANG_WARN_ENUM_CONVERSION = YES;
				CLANG_WARN_INFINITE_RECURSION = YES;
				CLANG_WARN_INT_CONVERSION = YES;
				CLANG_WARN_NON_LITERAL_NULL_CONVERSION = YES;
				CLANG_WARN_OBJC_IMPLICIT_RETAIN_SELF = YES;
				CLANG_WARN_OBJC_LITERAL_CONVERSION = YES;
				CLANG_WARN_OBJC_ROOT_CLASS = YES_ERROR;
				CLANG_WARN_QUOTED_INCLUDE_IN_FRAMEWORK_HEADER = YES;
				CLANG_WARN_RANGE_LOOP_ANALYSIS = YES;
				CLANG_WARN_STRICT_PROTOTYPES = YES;
				CLANG_WARN_SUSPICIOUS_MOVE = YES;
				CLANG_WARN_UNGUARDED_AVAILABILITY = YES_AGGRESSIVE;
				CLANG_WARN_UNREACHABLE_CODE = YES;
				CLANG_WARN__DUPLICATE_METHOD_MATCH = YES;
				COPY_PHASE_STRIP = NO;
				DEBUG_INFORMATION_FORMAT = "dwarf-with-dsym";
				ENABLE_NS_ASSERTIONS = NO;
				ENABLE_STRICT_OBJC_MSGSEND = YES;
				ENABLE_USER_SCRIPT_SANDBOXING = YES;
				GCC_C_LANGUAGE_STANDARD = gnu17;
				GCC_NO_COMMON_BLOCKS = YES;
				GCC_WARN_64_TO_32_BIT_CONVERSION = YES;
				GCC_WARN_ABOUT_RETURN_TYPE = YES_ERROR;
				GCC_WARN_UNDECLARED_SELECTOR = YES;
				GCC_WARN_UNINITIALIZED_AUTOS = YES_AGGRESSIVE;
				GCC_WARN_UNUSED_FUNCTION = YES;
				GCC_WARN_UNUSED_VARIABLE = YES;
				IPHONEOS_DEPLOYMENT_TARGET = 17.4;
				LOCALIZATION_PREFERS_STRING_CATALOGS = YES;
				MTL_ENABLE_DEBUG_INFO = NO;
				MTL_FAST_MATH = YES;
				SDKROOT = iphoneos;
				SWIFT_COMPILATION_MODE = wholemodule;
				VALIDATE_PRODUCT = YES;
			};
			name = Release;
		};
		68D141F62BCCAB12007BE22E /* Debug */ = {
			isa = XCBuildConfiguration;
			buildSettings = {
				ASSETCATALOG_COMPILER_APPICON_NAME = AppIcon;
				ASSETCATALOG_COMPILER_GLOBAL_ACCENT_COLOR_NAME = AccentColor;
				CODE_SIGN_STYLE = Automatic;
				CURRENT_PROJECT_VERSION = 1;
				DEVELOPMENT_ASSET_PATHS = "\"D-Day App/Preview Content\"";
				ENABLE_PREVIEWS = YES;
				GENERATE_INFOPLIST_FILE = YES;
				INFOPLIST_KEY_UIApplicationSceneManifest_Generation = YES;
				INFOPLIST_KEY_UIApplicationSupportsIndirectInputEvents = YES;
				INFOPLIST_KEY_UILaunchScreen_Generation = YES;
				INFOPLIST_KEY_UISupportedInterfaceOrientations_iPad = "UIInterfaceOrientationPortrait UIInterfaceOrientationPortraitUpsideDown UIInterfaceOrientationLandscapeLeft UIInterfaceOrientationLandscapeRight";
				INFOPLIST_KEY_UISupportedInterfaceOrientations_iPhone = "UIInterfaceOrientationPortrait UIInterfaceOrientationLandscapeLeft UIInterfaceOrientationLandscapeRight";
				LD_RUNPATH_SEARCH_PATHS = (
					"$(inherited)",
					"@executable_path/Frameworks",
				);
				MARKETING_VERSION = 1.0;
				PRODUCT_BUNDLE_IDENTIFIER = "pos.idserve.net.D-Day-App";
				PRODUCT_NAME = "$(TARGET_NAME)";
				SWIFT_EMIT_LOC_STRINGS = YES;
				SWIFT_VERSION = 5.0;
				TARGETED_DEVICE_FAMILY = "1,2";
			};
			name = Debug;
		};
		68D141F72BCCAB12007BE22E /* Release */ = {
			isa = XCBuildConfiguration;
			buildSettings = {
				ASSETCATALOG_COMPILER_APPICON_NAME = AppIcon;
				ASSETCATALOG_COMPILER_GLOBAL_ACCENT_COLOR_NAME = AccentColor;
				CODE_SIGN_STYLE = Automatic;
				CURRENT_PROJECT_VERSION = 1;
				DEVELOPMENT_ASSET_PATHS = "\"D-Day App/Preview Content\"";
				ENABLE_PREVIEWS = YES;
				GENERATE_INFOPLIST_FILE = YES;
				INFOPLIST_KEY_UIApplicationSceneManifest_Generation = YES;
				INFOPLIST_KEY_UIApplicationSupportsIndirectInputEvents = YES;
				INFOPLIST_KEY_UILaunchScreen_Generation = YES;
				INFOPLIST_KEY_UISupportedInterfaceOrientations_iPad = "UIInterfaceOrientationPortrait UIInterfaceOrientationPortraitUpsideDown UIInterfaceOrientationLandscapeLeft UIInterfaceOrientationLandscapeRight";
				INFOPLIST_KEY_UISupportedInterfaceOrientations_iPhone = "UIInterfaceOrientationPortrait UIInterfaceOrientationLandscapeLeft UIInterfaceOrientationLandscapeRight";
				LD_RUNPATH_SEARCH_PATHS = (
					"$(inherited)",
					"@executable_path/Frameworks",
				);
				MARKETING_VERSION = 1.0;
				PRODUCT_BUNDLE_IDENTIFIER = "pos.idserve.net.D-Day-App";
				PRODUCT_NAME = "$(TARGET_NAME)";
				SWIFT_EMIT_LOC_STRINGS = YES;
				SWIFT_VERSION = 5.0;
				TARGETED_DEVICE_FAMILY = "1,2";
			};
			name = Release;
		};
		68D141F92BCCAB12007BE22E /* Debug */ = {
			isa = XCBuildConfiguration;
			buildSettings = {
				ALWAYS_EMBED_SWIFT_STANDARD_LIBRARIES = YES;
				BUNDLE_LOADER = "$(TEST_HOST)";
				CODE_SIGN_STYLE = Automatic;
				CURRENT_PROJECT_VERSION = 1;
				GENERATE_INFOPLIST_FILE = YES;
				IPHONEOS_DEPLOYMENT_TARGET = 17.4;
				MARKETING_VERSION = 1.0;
				PRODUCT_BUNDLE_IDENTIFIER = "pos.idserve.net.D-Day-AppTests";
				PRODUCT_NAME = "$(TARGET_NAME)";
				SWIFT_EMIT_LOC_STRINGS = NO;
				SWIFT_VERSION = 5.0;
				TARGETED_DEVICE_FAMILY = "1,2";
				TEST_HOST = "$(BUILT_PRODUCTS_DIR)/D-Day App.app/$(BUNDLE_EXECUTABLE_FOLDER_PATH)/D-Day App";
			};
			name = Debug;
		};
		68D141FA2BCCAB12007BE22E /* Release */ = {
			isa = XCBuildConfiguration;
			buildSettings = {
				ALWAYS_EMBED_SWIFT_STANDARD_LIBRARIES = YES;
				BUNDLE_LOADER = "$(TEST_HOST)";
				CODE_SIGN_STYLE = Automatic;
				CURRENT_PROJECT_VERSION = 1;
				GENERATE_INFOPLIST_FILE = YES;
				IPHONEOS_DEPLOYMENT_TARGET = 17.4;
				MARKETING_VERSION = 1.0;
				PRODUCT_BUNDLE_IDENTIFIER = "pos.idserve.net.D-Day-AppTests";
				PRODUCT_NAME = "$(TARGET_NAME)";
				SWIFT_EMIT_LOC_STRINGS = NO;
				SWIFT_VERSION = 5.0;
				TARGETED_DEVICE_FAMILY = "1,2";
				TEST_HOST = "$(BUILT_PRODUCTS_DIR)/D-Day App.app/$(BUNDLE_EXECUTABLE_FOLDER_PATH)/D-Day App";
			};
			name = Release;
		};
		68D141FC2BCCAB12007BE22E /* Debug */ = {
			isa = XCBuildConfiguration;
			buildSettings = {
				ALWAYS_EMBED_SWIFT_STANDARD_LIBRARIES = YES;
				CODE_SIGN_STYLE = Automatic;
				CURRENT_PROJECT_VERSION = 1;
				GENERATE_INFOPLIST_FILE = YES;
				MARKETING_VERSION = 1.0;
				PRODUCT_BUNDLE_IDENTIFIER = "pos.idserve.net.D-Day-AppUITests";
				PRODUCT_NAME = "$(TARGET_NAME)";
				SWIFT_EMIT_LOC_STRINGS = NO;
				SWIFT_VERSION = 5.0;
				TARGETED_DEVICE_FAMILY = "1,2";
				TEST_TARGET_NAME = "D-Day App";
			};
			name = Debug;
		};
		68D141FD2BCCAB12007BE22E /* Release */ = {
			isa = XCBuildConfiguration;
			buildSettings = {
				ALWAYS_EMBED_SWIFT_STANDARD_LIBRARIES = YES;
				CODE_SIGN_STYLE = Automatic;
				CURRENT_PROJECT_VERSION = 1;
				GENERATE_INFOPLIST_FILE = YES;
				MARKETING_VERSION = 1.0;
				PRODUCT_BUNDLE_IDENTIFIER = "pos.idserve.net.D-Day-AppUITests";
				PRODUCT_NAME = "$(TARGET_NAME)";
				SWIFT_EMIT_LOC_STRINGS = NO;
				SWIFT_VERSION = 5.0;
				TARGETED_DEVICE_FAMILY = "1,2";
				TEST_TARGET_NAME = "D-Day App";
			};
			name = Release;
		};
/* End XCBuildConfiguration section */

/* Begin XCConfigurationList section */
		68D141CC2BCCAB10007BE22E /* Build configuration list for PBXProject "D-Day App" */ = {
			isa = XCConfigurationList;
			buildConfigurations = (
				68D141F32BCCAB12007BE22E /* Debug */,
				68D141F42BCCAB12007BE22E /* Release */,
			);
			defaultConfigurationIsVisible = 0;
			defaultConfigurationName = Release;
		};
		68D141F52BCCAB12007BE22E /* Build configuration list for PBXNativeTarget "D-Day App" */ = {
			isa = XCConfigurationList;
			buildConfigurations = (
				68D141F62BCCAB12007BE22E /* Debug */,
				68D141F72BCCAB12007BE22E /* Release */,
			);
			defaultConfigurationIsVisible = 0;
			defaultConfigurationName = Release;
		};
		68D141F82BCCAB12007BE22E /* Build configuration list for PBXNativeTarget "D-Day AppTests" */ = {
			isa = XCConfigurationList;
			buildConfigurations = (
				68D141F92BCCAB12007BE22E /* Debug */,
				68D141FA2BCCAB12007BE22E /* Release */,
			);
			defaultConfigurationIsVisible = 0;
			defaultConfigurationName = Release;
		};
		68D141FB2BCCAB12007BE22E /* Build configuration list for PBXNativeTarget "D-Day AppUITests" */ = {
			isa = XCConfigurationList;
			buildConfigurations = (
				68D141FC2BCCAB12007BE22E /* Debug */,
				68D141FD2BCCAB12007BE22E /* Release */,
			);
			defaultConfigurationIsVisible = 0;
			defaultConfigurationName = Release;
		};
/* End XCConfigurationList section */
	};
	rootObject = 68D141C92BCCAB10007BE22E /* Project object */;
}
